// !$*UTF8*$!
{
	archiveVersion = 1;
	classes = {
	};
	objectVersion = 56;
	objects = {

/* Begin PBXBuildFile section */
		E553DF7C28F72F7700C06683 /* MarvelHeroesConfigurator.swift in Sources */ = {isa = PBXBuildFile; fileRef = E553DF7728F72F7700C06683 /* MarvelHeroesConfigurator.swift */; };
		E553DF7D28F72F7700C06683 /* MarvelHeroesViewController.swift in Sources */ = {isa = PBXBuildFile; fileRef = E553DF7828F72F7700C06683 /* MarvelHeroesViewController.swift */; };
		E553DF7E28F72F7700C06683 /* MarvelHeroesRouter.swift in Sources */ = {isa = PBXBuildFile; fileRef = E553DF7928F72F7700C06683 /* MarvelHeroesRouter.swift */; };
		E553DF7F28F72F7700C06683 /* MarvelHeroesInteractor.swift in Sources */ = {isa = PBXBuildFile; fileRef = E553DF7A28F72F7700C06683 /* MarvelHeroesInteractor.swift */; };
		E553DF8028F72F7700C06683 /* MarvelHeroesPresenter.swift in Sources */ = {isa = PBXBuildFile; fileRef = E553DF7B28F72F7700C06683 /* MarvelHeroesPresenter.swift */; };
		E553DF8428F72F9B00C06683 /* MarvelHeroesEndpoint.swift in Sources */ = {isa = PBXBuildFile; fileRef = E553DF8228F72F9A00C06683 /* MarvelHeroesEndpoint.swift */; };
		E553DF8528F72F9B00C06683 /* DefaultHeroesService.swift in Sources */ = {isa = PBXBuildFile; fileRef = E553DF8328F72F9A00C06683 /* DefaultHeroesService.swift */; };
		E553DF8A28F72FAF00C06683 /* NetworkManager.swift in Sources */ = {isa = PBXBuildFile; fileRef = E553DF8728F72FAF00C06683 /* NetworkManager.swift */; };
		E553DF8B28F72FAF00C06683 /* NetworkSession.swift in Sources */ = {isa = PBXBuildFile; fileRef = E553DF8828F72FAF00C06683 /* NetworkSession.swift */; };
		E553DF8C28F72FAF00C06683 /* HeroesListWorker.swift in Sources */ = {isa = PBXBuildFile; fileRef = E553DF8928F72FAF00C06683 /* HeroesListWorker.swift */; };
		E553DF8F28F72FB900C06683 /* SceneFactory.swift in Sources */ = {isa = PBXBuildFile; fileRef = E553DF8E28F72FB900C06683 /* SceneFactory.swift */; };
		E553DF9128F7F6E700C06683 /* HeroCollectionViewCell.swift in Sources */ = {isa = PBXBuildFile; fileRef = E553DF9028F7F6E700C06683 /* HeroCollectionViewCell.swift */; };
		E553DF9328F802C300C06683 /* CollectionViewModel.swift in Sources */ = {isa = PBXBuildFile; fileRef = E553DF9228F802C300C06683 /* CollectionViewModel.swift */; };
		E553DF9628F8124800C06683 /* Binding.swift in Sources */ = {isa = PBXBuildFile; fileRef = E553DF9528F8124800C06683 /* Binding.swift */; };
		E553DF9828F813A900C06683 /* MarvelCollectionViewModel.swift in Sources */ = {isa = PBXBuildFile; fileRef = E553DF9728F813A900C06683 /* MarvelCollectionViewModel.swift */; };
		E5E22F8428F72D720088C2B6 /* AppDelegate.swift in Sources */ = {isa = PBXBuildFile; fileRef = E5E22F8328F72D720088C2B6 /* AppDelegate.swift */; };
		E5E22F8628F72D720088C2B6 /* SceneDelegate.swift in Sources */ = {isa = PBXBuildFile; fileRef = E5E22F8528F72D720088C2B6 /* SceneDelegate.swift */; };
		E5E22F8828F72D720088C2B6 /* ViewController.swift in Sources */ = {isa = PBXBuildFile; fileRef = E5E22F8728F72D720088C2B6 /* ViewController.swift */; };
		E5E22F8B28F72D720088C2B6 /* Main.storyboard in Resources */ = {isa = PBXBuildFile; fileRef = E5E22F8928F72D720088C2B6 /* Main.storyboard */; };
		E5E22F8D28F72D780088C2B6 /* Assets.xcassets in Resources */ = {isa = PBXBuildFile; fileRef = E5E22F8C28F72D780088C2B6 /* Assets.xcassets */; };
		E5E22F9028F72D780088C2B6 /* LaunchScreen.storyboard in Resources */ = {isa = PBXBuildFile; fileRef = E5E22F8E28F72D780088C2B6 /* LaunchScreen.storyboard */; };
/* End PBXBuildFile section */

/* Begin PBXFileReference section */
		E553DF7728F72F7700C06683 /* MarvelHeroesConfigurator.swift */ = {isa = PBXFileReference; fileEncoding = 4; lastKnownFileType = sourcecode.swift; path = MarvelHeroesConfigurator.swift; sourceTree = "<group>"; };
		E553DF7828F72F7700C06683 /* MarvelHeroesViewController.swift */ = {isa = PBXFileReference; fileEncoding = 4; lastKnownFileType = sourcecode.swift; path = MarvelHeroesViewController.swift; sourceTree = "<group>"; };
		E553DF7928F72F7700C06683 /* MarvelHeroesRouter.swift */ = {isa = PBXFileReference; fileEncoding = 4; lastKnownFileType = sourcecode.swift; path = MarvelHeroesRouter.swift; sourceTree = "<group>"; };
		E553DF7A28F72F7700C06683 /* MarvelHeroesInteractor.swift */ = {isa = PBXFileReference; fileEncoding = 4; lastKnownFileType = sourcecode.swift; path = MarvelHeroesInteractor.swift; sourceTree = "<group>"; };
		E553DF7B28F72F7700C06683 /* MarvelHeroesPresenter.swift */ = {isa = PBXFileReference; fileEncoding = 4; lastKnownFileType = sourcecode.swift; path = MarvelHeroesPresenter.swift; sourceTree = "<group>"; };
		E553DF8228F72F9A00C06683 /* MarvelHeroesEndpoint.swift */ = {isa = PBXFileReference; fileEncoding = 4; lastKnownFileType = sourcecode.swift; path = MarvelHeroesEndpoint.swift; sourceTree = "<group>"; };
		E553DF8328F72F9A00C06683 /* DefaultHeroesService.swift */ = {isa = PBXFileReference; fileEncoding = 4; lastKnownFileType = sourcecode.swift; path = DefaultHeroesService.swift; sourceTree = "<group>"; };
		E553DF8728F72FAF00C06683 /* NetworkManager.swift */ = {isa = PBXFileReference; fileEncoding = 4; lastKnownFileType = sourcecode.swift; path = NetworkManager.swift; sourceTree = "<group>"; };
		E553DF8828F72FAF00C06683 /* NetworkSession.swift */ = {isa = PBXFileReference; fileEncoding = 4; lastKnownFileType = sourcecode.swift; path = NetworkSession.swift; sourceTree = "<group>"; };
		E553DF8928F72FAF00C06683 /* HeroesListWorker.swift */ = {isa = PBXFileReference; fileEncoding = 4; lastKnownFileType = sourcecode.swift; path = HeroesListWorker.swift; sourceTree = "<group>"; };
		E553DF8E28F72FB900C06683 /* SceneFactory.swift */ = {isa = PBXFileReference; fileEncoding = 4; lastKnownFileType = sourcecode.swift; path = SceneFactory.swift; sourceTree = "<group>"; };
		E553DF9028F7F6E700C06683 /* HeroCollectionViewCell.swift */ = {isa = PBXFileReference; lastKnownFileType = sourcecode.swift; path = HeroCollectionViewCell.swift; sourceTree = "<group>"; };
		E553DF9228F802C300C06683 /* CollectionViewModel.swift */ = {isa = PBXFileReference; lastKnownFileType = sourcecode.swift; path = CollectionViewModel.swift; sourceTree = "<group>"; };
		E553DF9528F8124800C06683 /* Binding.swift */ = {isa = PBXFileReference; lastKnownFileType = sourcecode.swift; path = Binding.swift; sourceTree = "<group>"; };
		E553DF9728F813A900C06683 /* MarvelCollectionViewModel.swift */ = {isa = PBXFileReference; lastKnownFileType = sourcecode.swift; path = MarvelCollectionViewModel.swift; sourceTree = "<group>"; };
		E5E22F8028F72D720088C2B6 /* MarvelHeroes.app */ = {isa = PBXFileReference; explicitFileType = wrapper.application; includeInIndex = 0; path = MarvelHeroes.app; sourceTree = BUILT_PRODUCTS_DIR; };
		E5E22F8328F72D720088C2B6 /* AppDelegate.swift */ = {isa = PBXFileReference; lastKnownFileType = sourcecode.swift; path = AppDelegate.swift; sourceTree = "<group>"; };
		E5E22F8528F72D720088C2B6 /* SceneDelegate.swift */ = {isa = PBXFileReference; lastKnownFileType = sourcecode.swift; path = SceneDelegate.swift; sourceTree = "<group>"; };
		E5E22F8728F72D720088C2B6 /* ViewController.swift */ = {isa = PBXFileReference; lastKnownFileType = sourcecode.swift; path = ViewController.swift; sourceTree = "<group>"; };
		E5E22F8A28F72D720088C2B6 /* Base */ = {isa = PBXFileReference; lastKnownFileType = file.storyboard; name = Base; path = Base.lproj/Main.storyboard; sourceTree = "<group>"; };
		E5E22F8C28F72D780088C2B6 /* Assets.xcassets */ = {isa = PBXFileReference; lastKnownFileType = folder.assetcatalog; path = Assets.xcassets; sourceTree = "<group>"; };
		E5E22F8F28F72D780088C2B6 /* Base */ = {isa = PBXFileReference; lastKnownFileType = file.storyboard; name = Base; path = Base.lproj/LaunchScreen.storyboard; sourceTree = "<group>"; };
		E5E22F9128F72D780088C2B6 /* Info.plist */ = {isa = PBXFileReference; lastKnownFileType = text.plist.xml; path = Info.plist; sourceTree = "<group>"; };
/* End PBXFileReference section */

/* Begin PBXFrameworksBuildPhase section */
		E5E22F7D28F72D720088C2B6 /* Frameworks */ = {
			isa = PBXFrameworksBuildPhase;
			buildActionMask = 2147483647;
			files = (
			);
			runOnlyForDeploymentPostprocessing = 0;
		};
/* End PBXFrameworksBuildPhase section */

/* Begin PBXGroup section */
		E553DF7628F72F7700C06683 /* Scenes */ = {
			isa = PBXGroup;
			children = (
				E553DF7728F72F7700C06683 /* MarvelHeroesConfigurator.swift */,
				E553DF7828F72F7700C06683 /* MarvelHeroesViewController.swift */,
				E553DF7928F72F7700C06683 /* MarvelHeroesRouter.swift */,
				E553DF7A28F72F7700C06683 /* MarvelHeroesInteractor.swift */,
				E553DF7B28F72F7700C06683 /* MarvelHeroesPresenter.swift */,
				E553DF9028F7F6E700C06683 /* HeroCollectionViewCell.swift */,
				E553DF9728F813A900C06683 /* MarvelCollectionViewModel.swift */,
			);
			path = Scenes;
			sourceTree = "<group>";
		};
		E553DF8128F72F9A00C06683 /* Service */ = {
			isa = PBXGroup;
			children = (
				E553DF8228F72F9A00C06683 /* MarvelHeroesEndpoint.swift */,
				E553DF8328F72F9A00C06683 /* DefaultHeroesService.swift */,
			);
			path = Service;
			sourceTree = "<group>";
		};
		E553DF8628F72FAF00C06683 /* Managers */ = {
			isa = PBXGroup;
			children = (
				E553DF8728F72FAF00C06683 /* NetworkManager.swift */,
				E553DF8828F72FAF00C06683 /* NetworkSession.swift */,
				E553DF8928F72FAF00C06683 /* HeroesListWorker.swift */,
			);
			path = Managers;
			sourceTree = "<group>";
		};
		E553DF8D28F72FB900C06683 /* Factories */ = {
			isa = PBXGroup;
			children = (
				E553DF8E28F72FB900C06683 /* SceneFactory.swift */,
			);
			path = Factories;
			sourceTree = "<group>";
		};
		E553DF9428F8123D00C06683 /* Common */ = {
			isa = PBXGroup;
			children = (
				E553DF9528F8124800C06683 /* Binding.swift */,
				E553DF9228F802C300C06683 /* CollectionViewModel.swift */,
			);
			path = Common;
			sourceTree = "<group>";
		};
		E5E22F7728F72D720088C2B6 = {
			isa = PBXGroup;
			children = (
				E5E22F8228F72D720088C2B6 /* MarvelHeroes */,
				E5E22F8128F72D720088C2B6 /* Products */,
			);
			sourceTree = "<group>";
		};
		E5E22F8128F72D720088C2B6 /* Products */ = {
			isa = PBXGroup;
			children = (
				E5E22F8028F72D720088C2B6 /* MarvelHeroes.app */,
			);
			name = Products;
			sourceTree = "<group>";
		};
		E5E22F8228F72D720088C2B6 /* MarvelHeroes */ = {
			isa = PBXGroup;
			children = (
				E553DF9428F8123D00C06683 /* Common */,
				E553DF8D28F72FB900C06683 /* Factories */,
				E553DF8628F72FAF00C06683 /* Managers */,
				E553DF8128F72F9A00C06683 /* Service */,
				E553DF7628F72F7700C06683 /* Scenes */,
				E5E22F8328F72D720088C2B6 /* AppDelegate.swift */,
				E5E22F8528F72D720088C2B6 /* SceneDelegate.swift */,
				E5E22F8728F72D720088C2B6 /* ViewController.swift */,
				E5E22F8928F72D720088C2B6 /* Main.storyboard */,
				E5E22F8C28F72D780088C2B6 /* Assets.xcassets */,
				E5E22F8E28F72D780088C2B6 /* LaunchScreen.storyboard */,
				E5E22F9128F72D780088C2B6 /* Info.plist */,
			);
			path = MarvelHeroes;
			sourceTree = "<group>";
		};
/* End PBXGroup section */

/* Begin PBXNativeTarget section */
		E5E22F7F28F72D720088C2B6 /* MarvelHeroes */ = {
			isa = PBXNativeTarget;
			buildConfigurationList = E5E22F9428F72D780088C2B6 /* Build configuration list for PBXNativeTarget "MarvelHeroes" */;
			buildPhases = (
				E5E22F7C28F72D720088C2B6 /* Sources */,
				E5E22F7D28F72D720088C2B6 /* Frameworks */,
				E5E22F7E28F72D720088C2B6 /* Resources */,
			);
			buildRules = (
			);
			dependencies = (
			);
			name = MarvelHeroes;
			productName = MarvelHeroes;
			productReference = E5E22F8028F72D720088C2B6 /* MarvelHeroes.app */;
			productType = "com.apple.product-type.application";
		};
/* End PBXNativeTarget section */

/* Begin PBXProject section */
		E5E22F7828F72D720088C2B6 /* Project object */ = {
			isa = PBXProject;
			attributes = {
				BuildIndependentTargetsInParallel = 1;
				LastSwiftUpdateCheck = 1400;
				LastUpgradeCheck = 1400;
				TargetAttributes = {
					E5E22F7F28F72D720088C2B6 = {
						CreatedOnToolsVersion = 14.0.1;
					};
				};
			};
			buildConfigurationList = E5E22F7B28F72D720088C2B6 /* Build configuration list for PBXProject "MarvelHeroes" */;
			compatibilityVersion = "Xcode 14.0";
			developmentRegion = en;
			hasScannedForEncodings = 0;
			knownRegions = (
				en,
				Base,
			);
			mainGroup = E5E22F7728F72D720088C2B6;
			productRefGroup = E5E22F8128F72D720088C2B6 /* Products */;
			projectDirPath = "";
			projectRoot = "";
			targets = (
				E5E22F7F28F72D720088C2B6 /* MarvelHeroes */,
			);
		};
/* End PBXProject section */

/* Begin PBXResourcesBuildPhase section */
		E5E22F7E28F72D720088C2B6 /* Resources */ = {
			isa = PBXResourcesBuildPhase;
			buildActionMask = 2147483647;
			files = (
				E5E22F9028F72D780088C2B6 /* LaunchScreen.storyboard in Resources */,
				E5E22F8D28F72D780088C2B6 /* Assets.xcassets in Resources */,
				E5E22F8B28F72D720088C2B6 /* Main.storyboard in Resources */,
			);
			runOnlyForDeploymentPostprocessing = 0;
		};
/* End PBXResourcesBuildPhase section */

/* Begin PBXSourcesBuildPhase section */
		E5E22F7C28F72D720088C2B6 /* Sources */ = {
			isa = PBXSourcesBuildPhase;
			buildActionMask = 2147483647;
			files = (
				E5E22F8828F72D720088C2B6 /* ViewController.swift in Sources */,
				E553DF9828F813A900C06683 /* MarvelCollectionViewModel.swift in Sources */,
				E553DF7E28F72F7700C06683 /* MarvelHeroesRouter.swift in Sources */,
				E553DF7C28F72F7700C06683 /* MarvelHeroesConfigurator.swift in Sources */,
				E553DF8528F72F9B00C06683 /* DefaultHeroesService.swift in Sources */,
				E553DF8A28F72FAF00C06683 /* NetworkManager.swift in Sources */,
				E553DF8028F72F7700C06683 /* MarvelHeroesPresenter.swift in Sources */,
				E553DF8428F72F9B00C06683 /* MarvelHeroesEndpoint.swift in Sources */,
				E553DF9328F802C300C06683 /* CollectionViewModel.swift in Sources */,
				E553DF7D28F72F7700C06683 /* MarvelHeroesViewController.swift in Sources */,
				E553DF8C28F72FAF00C06683 /* HeroesListWorker.swift in Sources */,
				E553DF8F28F72FB900C06683 /* SceneFactory.swift in Sources */,
				E553DF9628F8124800C06683 /* Binding.swift in Sources */,
				E553DF9128F7F6E700C06683 /* HeroCollectionViewCell.swift in Sources */,
				E5E22F8428F72D720088C2B6 /* AppDelegate.swift in Sources */,
				E553DF8B28F72FAF00C06683 /* NetworkSession.swift in Sources */,
				E553DF7F28F72F7700C06683 /* MarvelHeroesInteractor.swift in Sources */,
				E5E22F8628F72D720088C2B6 /* SceneDelegate.swift in Sources */,
			);
			runOnlyForDeploymentPostprocessing = 0;
		};
/* End PBXSourcesBuildPhase section */

/* Begin PBXVariantGroup section */
		E5E22F8928F72D720088C2B6 /* Main.storyboard */ = {
			isa = PBXVariantGroup;
			children = (
				E5E22F8A28F72D720088C2B6 /* Base */,
			);
			name = Main.storyboard;
			sourceTree = "<group>";
		};
		E5E22F8E28F72D780088C2B6 /* LaunchScreen.storyboard */ = {
			isa = PBXVariantGroup;
			children = (
				E5E22F8F28F72D780088C2B6 /* Base */,
			);
			name = LaunchScreen.storyboard;
			sourceTree = "<group>";
		};
/* End PBXVariantGroup section */

/* Begin XCBuildConfiguration section */
		E5E22F9228F72D780088C2B6 /* Debug */ = {
			isa = XCBuildConfiguration;
			buildSettings = {
				ALWAYS_SEARCH_USER_PATHS = NO;
				CLANG_ANALYZER_NONNULL = YES;
				CLANG_ANALYZER_NUMBER_OBJECT_CONVERSION = YES_AGGRESSIVE;
				CLANG_CXX_LANGUAGE_STANDARD = "gnu++20";
				CLANG_ENABLE_MODULES = YES;
				CLANG_ENABLE_OBJC_ARC = YES;
				CLANG_ENABLE_OBJC_WEAK = YES;
				CLANG_WARN_BLOCK_CAPTURE_AUTORELEASING = YES;
				CLANG_WARN_BOOL_CONVERSION = YES;
				CLANG_WARN_COMMA = YES;
				CLANG_WARN_CONSTANT_CONVERSION = YES;
				CLANG_WARN_DEPRECATED_OBJC_IMPLEMENTATIONS = YES;
				CLANG_WARN_DIRECT_OBJC_ISA_USAGE = YES_ERROR;
				CLANG_WARN_DOCUMENTATION_COMMENTS = YES;
				CLANG_WARN_EMPTY_BODY = YES;
				CLANG_WARN_ENUM_CONVERSION = YES;
				CLANG_WARN_INFINITE_RECURSION = YES;
				CLANG_WARN_INT_CONVERSION = YES;
				CLANG_WARN_NON_LITERAL_NULL_CONVERSION = YES;
				CLANG_WARN_OBJC_IMPLICIT_RETAIN_SELF = YES;
				CLANG_WARN_OBJC_LITERAL_CONVERSION = YES;
				CLANG_WARN_OBJC_ROOT_CLASS = YES_ERROR;
				CLANG_WARN_QUOTED_INCLUDE_IN_FRAMEWORK_HEADER = YES;
				CLANG_WARN_RANGE_LOOP_ANALYSIS = YES;
				CLANG_WARN_STRICT_PROTOTYPES = YES;
				CLANG_WARN_SUSPICIOUS_MOVE = YES;
				CLANG_WARN_UNGUARDED_AVAILABILITY = YES_AGGRESSIVE;
				CLANG_WARN_UNREACHABLE_CODE = YES;
				CLANG_WARN__DUPLICATE_METHOD_MATCH = YES;
				COPY_PHASE_STRIP = NO;
				DEBUG_INFORMATION_FORMAT = dwarf;
				ENABLE_STRICT_OBJC_MSGSEND = YES;
				ENABLE_TESTABILITY = YES;
				GCC_C_LANGUAGE_STANDARD = gnu11;
				GCC_DYNAMIC_NO_PIC = NO;
				GCC_NO_COMMON_BLOCKS = YES;
				GCC_OPTIMIZATION_LEVEL = 0;
				GCC_PREPROCESSOR_DEFINITIONS = (
					"DEBUG=1",
					"$(inherited)",
				);
				GCC_WARN_64_TO_32_BIT_CONVERSION = YES;
				GCC_WARN_ABOUT_RETURN_TYPE = YES_ERROR;
				GCC_WARN_UNDECLARED_SELECTOR = YES;
				GCC_WARN_UNINITIALIZED_AUTOS = YES_AGGRESSIVE;
				GCC_WARN_UNUSED_FUNCTION = YES;
				GCC_WARN_UNUSED_VARIABLE = YES;
				IPHONEOS_DEPLOYMENT_TARGET = 16.0;
				MTL_ENABLE_DEBUG_INFO = INCLUDE_SOURCE;
				MTL_FAST_MATH = YES;
				ONLY_ACTIVE_ARCH = YES;
				SDKROOT = iphoneos;
				SWIFT_ACTIVE_COMPILATION_CONDITIONS = DEBUG;
				SWIFT_OPTIMIZATION_LEVEL = "-Onone";
			};
			name = Debug;
		};
		E5E22F9328F72D780088C2B6 /* Release */ = {
			isa = XCBuildConfiguration;
			buildSettings = {
				ALWAYS_SEARCH_USER_PATHS = NO;
				CLANG_ANALYZER_NONNULL = YES;
				CLANG_ANALYZER_NUMBER_OBJECT_CONVERSION = YES_AGGRESSIVE;
				CLANG_CXX_LANGUAGE_STANDARD = "gnu++20";
				CLANG_ENABLE_MODULES = YES;
				CLANG_ENABLE_OBJC_ARC = YES;
				CLANG_ENABLE_OBJC_WEAK = YES;
				CLANG_WARN_BLOCK_CAPTURE_AUTORELEASING = YES;
				CLANG_WARN_BOOL_CONVERSION = YES;
				CLANG_WARN_COMMA = YES;
				CLANG_WARN_CONSTANT_CONVERSION = YES;
				CLANG_WARN_DEPRECATED_OBJC_IMPLEMENTATIONS = YES;
				CLANG_WARN_DIRECT_OBJC_ISA_USAGE = YES_ERROR;
				CLANG_WARN_DOCUMENTATION_COMMENTS = YES;
				CLANG_WARN_EMPTY_BODY = YES;
				CLANG_WARN_ENUM_CONVERSION = YES;
				CLANG_WARN_INFINITE_RECURSION = YES;
				CLANG_WARN_INT_CONVERSION = YES;
				CLANG_WARN_NON_LITERAL_NULL_CONVERSION = YES;
				CLANG_WARN_OBJC_IMPLICIT_RETAIN_SELF = YES;
				CLANG_WARN_OBJC_LITERAL_CONVERSION = YES;
				CLANG_WARN_OBJC_ROOT_CLASS = YES_ERROR;
				CLANG_WARN_QUOTED_INCLUDE_IN_FRAMEWORK_HEADER = YES;
				CLANG_WARN_RANGE_LOOP_ANALYSIS = YES;
				CLANG_WARN_STRICT_PROTOTYPES = YES;
				CLANG_WARN_SUSPICIOUS_MOVE = YES;
				CLANG_WARN_UNGUARDED_AVAILABILITY = YES_AGGRESSIVE;
				CLANG_WARN_UNREACHABLE_CODE = YES;
				CLANG_WARN__DUPLICATE_METHOD_MATCH = YES;
				COPY_PHASE_STRIP = NO;
				DEBUG_INFORMATION_FORMAT = "dwarf-with-dsym";
				ENABLE_NS_ASSERTIONS = NO;
				ENABLE_STRICT_OBJC_MSGSEND = YES;
				GCC_C_LANGUAGE_STANDARD = gnu11;
				GCC_NO_COMMON_BLOCKS = YES;
				GCC_WARN_64_TO_32_BIT_CONVERSION = YES;
				GCC_WARN_ABOUT_RETURN_TYPE = YES_ERROR;
				GCC_WARN_UNDECLARED_SELECTOR = YES;
				GCC_WARN_UNINITIALIZED_AUTOS = YES_AGGRESSIVE;
				GCC_WARN_UNUSED_FUNCTION = YES;
				GCC_WARN_UNUSED_VARIABLE = YES;
				IPHONEOS_DEPLOYMENT_TARGET = 16.0;
				MTL_ENABLE_DEBUG_INFO = NO;
				MTL_FAST_MATH = YES;
				SDKROOT = iphoneos;
				SWIFT_COMPILATION_MODE = wholemodule;
				SWIFT_OPTIMIZATION_LEVEL = "-O";
				VALIDATE_PRODUCT = YES;
			};
			name = Release;
		};
		E5E22F9528F72D780088C2B6 /* Debug */ = {
			isa = XCBuildConfiguration;
			buildSettings = {
				ASSETCATALOG_COMPILER_APPICON_NAME = AppIcon;
				ASSETCATALOG_COMPILER_GLOBAL_ACCENT_COLOR_NAME = AccentColor;
				CODE_SIGN_STYLE = Automatic;
				CURRENT_PROJECT_VERSION = 1;
				DEVELOPMENT_TEAM = 4NP83W27WQ;
				GENERATE_INFOPLIST_FILE = YES;
				INFOPLIST_FILE = MarvelHeroes/Info.plist;
				INFOPLIST_KEY_UIApplicationSupportsIndirectInputEvents = YES;
				INFOPLIST_KEY_UILaunchStoryboardName = LaunchScreen;
				INFOPLIST_KEY_UIMainStoryboardFile = Main;
				INFOPLIST_KEY_UISupportedInterfaceOrientations_iPad = "UIInterfaceOrientationPortrait UIInterfaceOrientationPortraitUpsideDown UIInterfaceOrientationLandscapeLeft UIInterfaceOrientationLandscapeRight";
				INFOPLIST_KEY_UISupportedInterfaceOrientations_iPhone = "UIInterfaceOrientationPortrait UIInterfaceOrientationLandscapeLeft UIInterfaceOrientationLandscapeRight";
				LD_RUNPATH_SEARCH_PATHS = (
					"$(inherited)",
					"@executable_path/Frameworks",
				);
				MARKETING_VERSION = 1.0;
				PRODUCT_BUNDLE_IDENTIFIER = com.krystynakruchkovska.MarvelHeroes;
				PRODUCT_NAME = "$(TARGET_NAME)";
				SWIFT_EMIT_LOC_STRINGS = YES;
				SWIFT_VERSION = 5.0;
				TARGETED_DEVICE_FAMILY = "1,2";
			};
			name = Debug;
		};
		E5E22F9628F72D780088C2B6 /* Release */ = {
			isa = XCBuildConfiguration;
			buildSettings = {
				ASSETCATALOG_COMPILER_APPICON_NAME = AppIcon;
				ASSETCATALOG_COMPILER_GLOBAL_ACCENT_COLOR_NAME = AccentColor;
				CODE_SIGN_STYLE = Automatic;
				CURRENT_PROJECT_VERSION = 1;
				DEVELOPMENT_TEAM = 4NP83W27WQ;
				GENERATE_INFOPLIST_FILE = YES;
				INFOPLIST_FILE = MarvelHeroes/Info.plist;
				INFOPLIST_KEY_UIApplicationSupportsIndirectInputEvents = YES;
				INFOPLIST_KEY_UILaunchStoryboardName = LaunchScreen;
				INFOPLIST_KEY_UIMainStoryboardFile = Main;
				INFOPLIST_KEY_UISupportedInterfaceOrientations_iPad = "UIInterfaceOrientationPortrait UIInterfaceOrientationPortraitUpsideDown UIInterfaceOrientationLandscapeLeft UIInterfaceOrientationLandscapeRight";
				INFOPLIST_KEY_UISupportedInterfaceOrientations_iPhone = "UIInterfaceOrientationPortrait UIInterfaceOrientationLandscapeLeft UIInterfaceOrientationLandscapeRight";
				LD_RUNPATH_SEARCH_PATHS = (
					"$(inherited)",
					"@executable_path/Frameworks",
				);
				MARKETING_VERSION = 1.0;
				PRODUCT_BUNDLE_IDENTIFIER = com.krystynakruchkovska.MarvelHeroes;
				PRODUCT_NAME = "$(TARGET_NAME)";
				SWIFT_EMIT_LOC_STRINGS = YES;
				SWIFT_VERSION = 5.0;
				TARGETED_DEVICE_FAMILY = "1,2";
			};
			name = Release;
		};
/* End XCBuildConfiguration section */

/* Begin XCConfigurationList section */
		E5E22F7B28F72D720088C2B6 /* Build configuration list for PBXProject "MarvelHeroes" */ = {
			isa = XCConfigurationList;
			buildConfigurations = (
				E5E22F9228F72D780088C2B6 /* Debug */,
				E5E22F9328F72D780088C2B6 /* Release */,
			);
			defaultConfigurationIsVisible = 0;
			defaultConfigurationName = Release;
		};
		E5E22F9428F72D780088C2B6 /* Build configuration list for PBXNativeTarget "MarvelHeroes" */ = {
			isa = XCConfigurationList;
			buildConfigurations = (
				E5E22F9528F72D780088C2B6 /* Debug */,
				E5E22F9628F72D780088C2B6 /* Release */,
			);
			defaultConfigurationIsVisible = 0;
			defaultConfigurationName = Release;
		};
/* End XCConfigurationList section */
	};
	rootObject = E5E22F7828F72D720088C2B6 /* Project object */;
}
